
Microsoft Visual Studio Solution File, Format Version 12.00
# Visual Studio 2017
Project("{FAE04EC0-301F-11D3-BF4B-00C04F79EFBC}") = "Cycling Manager F02", "Cycling Manager F02.csproj", "{9AB3F803-1463-FD7F-B4A0-2ABD526919D1}"
EndProject
Project("{FAE04EC0-301F-11D3-BF4B-00C04F79EFBC}") = "Cycling Manager F02.Editor", "Cycling Manager F02.Editor.csproj", "{24D58B9B-82AA-A50F-2783-A724A0F756F3}"
EndProject
Global
	GlobalSection(SolutionConfigurationPlatforms) = preSolution
		Debug|Any CPU = Debug|Any CPU
		Release|Any CPU = Release|Any CPU
	EndGlobalSection
	GlobalSection(ProjectConfigurationPlatforms) = postSolution
		{9AB3F803-1463-FD7F-B4A0-2ABD526919D1}.Debug|Any CPU.ActiveCfg = Debug|Any CPU
		{9AB3F803-1463-FD7F-B4A0-2ABD526919D1}.Debug|Any CPU.Build.0 = Debug|Any CPU
		{9AB3F803-1463-FD7F-B4A0-2ABD526919D1}.Release|Any CPU.ActiveCfg = Release|Any CPU
		{9AB3F803-1463-FD7F-B4A0-2ABD526919D1}.Release|Any CPU.Build.0 = Release|Any CPU
		{24D58B9B-82AA-A50F-2783-A724A0F756F3}.Debug|Any CPU.ActiveCfg = Debug|Any CPU
		{24D58B9B-82AA-A50F-2783-A724A0F756F3}.Debug|Any CPU.Build.0 = Debug|Any CPU
		{24D58B9B-82AA-A50F-2783-A724A0F756F3}.Release|Any CPU.ActiveCfg = Release|Any CPU
		{24D58B9B-82AA-A50F-2783-A724A0F756F3}.Release|Any CPU.Build.0 = Release|Any CPU
	EndGlobalSection
	GlobalSection(SolutionProperties) = preSolution
		HideSolutionNode = FALSE
	EndGlobalSection
EndGlobal
